// !$*UTF8*$!
{
	archiveVersion = 1;
	classes = {
	};
	objectVersion = 50;
	objects = {

/* Begin PBXBuildFile section */
		7DBB2E482A1727C8004DE98B /* AppDelegate.swift in Sources */ = {isa = PBXBuildFile; fileRef = 7DBB2E472A1727C8004DE98B /* AppDelegate.swift */; };
		7DBB2E4A2A1727C8004DE98B /* SceneDelegate.swift in Sources */ = {isa = PBXBuildFile; fileRef = 7DBB2E492A1727C8004DE98B /* SceneDelegate.swift */; };
		7DBB2E4C2A1727C8004DE98B /* ViewController.swift in Sources */ = {isa = PBXBuildFile; fileRef = 7DBB2E4B2A1727C8004DE98B /* ViewController.swift */; };
		7DBB2E4F2A1727C8004DE98B /* Main.storyboard in Resources */ = {isa = PBXBuildFile; fileRef = 7DBB2E4D2A1727C8004DE98B /* Main.storyboard */; };
		7DBB2E512A1727C9004DE98B /* Assets.xcassets in Resources */ = {isa = PBXBuildFile; fileRef = 7DBB2E502A1727C9004DE98B /* Assets.xcassets */; };
		7DBB2E542A1727C9004DE98B /* LaunchScreen.storyboard in Resources */ = {isa = PBXBuildFile; fileRef = 7DBB2E522A1727C9004DE98B /* LaunchScreen.storyboard */; };
		7DBB2E5F2A1727C9004DE98B /* CalendarTests.swift in Sources */ = {isa = PBXBuildFile; fileRef = 7DBB2E5E2A1727C9004DE98B /* CalendarTests.swift */; };
		7DBB2E6A2A1727C9004DE98B /* CalendarUITests.swift in Sources */ = {isa = PBXBuildFile; fileRef = 7DBB2E692A1727C9004DE98B /* CalendarUITests.swift */; };
/* End PBXBuildFile section */

/* Begin PBXContainerItemProxy section */
		7DBB2E5B2A1727C9004DE98B /* PBXContainerItemProxy */ = {
			isa = PBXContainerItemProxy;
			containerPortal = 7DBB2E3C2A1727C7004DE98B /* Project object */;
			proxyType = 1;
			remoteGlobalIDString = 7DBB2E432A1727C7004DE98B;
			remoteInfo = Calendar;
		};
		7DBB2E662A1727C9004DE98B /* PBXContainerItemProxy */ = {
			isa = PBXContainerItemProxy;
			containerPortal = 7DBB2E3C2A1727C7004DE98B /* Project object */;
			proxyType = 1;
			remoteGlobalIDString = 7DBB2E432A1727C7004DE98B;
			remoteInfo = Calendar;
		};
/* End PBXContainerItemProxy section */

/* Begin PBXFileReference section */
		7DBB2E442A1727C8004DE98B /* Calendar.app */ = {isa = PBXFileReference; explicitFileType = wrapper.application; includeInIndex = 0; path = Calendar.app; sourceTree = BUILT_PRODUCTS_DIR; };
		7DBB2E472A1727C8004DE98B /* AppDelegate.swift */ = {isa = PBXFileReference; lastKnownFileType = sourcecode.swift; path = AppDelegate.swift; sourceTree = "<group>"; };
		7DBB2E492A1727C8004DE98B /* SceneDelegate.swift */ = {isa = PBXFileReference; lastKnownFileType = sourcecode.swift; path = SceneDelegate.swift; sourceTree = "<group>"; };
		7DBB2E4B2A1727C8004DE98B /* ViewController.swift */ = {isa = PBXFileReference; lastKnownFileType = sourcecode.swift; path = ViewController.swift; sourceTree = "<group>"; };
		7DBB2E4E2A1727C8004DE98B /* Base */ = {isa = PBXFileReference; lastKnownFileType = file.storyboard; name = Base; path = Base.lproj/Main.storyboard; sourceTree = "<group>"; };
		7DBB2E502A1727C9004DE98B /* Assets.xcassets */ = {isa = PBXFileReference; lastKnownFileType = folder.assetcatalog; path = Assets.xcassets; sourceTree = "<group>"; };
		7DBB2E532A1727C9004DE98B /* Base */ = {isa = PBXFileReference; lastKnownFileType = file.storyboard; name = Base; path = Base.lproj/LaunchScreen.storyboard; sourceTree = "<group>"; };
		7DBB2E552A1727C9004DE98B /* Info.plist */ = {isa = PBXFileReference; lastKnownFileType = text.plist.xml; path = Info.plist; sourceTree = "<group>"; };
		7DBB2E5A2A1727C9004DE98B /* CalendarTests.xctest */ = {isa = PBXFileReference; explicitFileType = wrapper.cfbundle; includeInIndex = 0; path = CalendarTests.xctest; sourceTree = BUILT_PRODUCTS_DIR; };
		7DBB2E5E2A1727C9004DE98B /* CalendarTests.swift */ = {isa = PBXFileReference; lastKnownFileType = sourcecode.swift; path = CalendarTests.swift; sourceTree = "<group>"; };
		7DBB2E602A1727C9004DE98B /* Info.plist */ = {isa = PBXFileReference; lastKnownFileType = text.plist.xml; path = Info.plist; sourceTree = "<group>"; };
		7DBB2E652A1727C9004DE98B /* CalendarUITests.xctest */ = {isa = PBXFileReference; explicitFileType = wrapper.cfbundle; includeInIndex = 0; path = CalendarUITests.xctest; sourceTree = BUILT_PRODUCTS_DIR; };
		7DBB2E692A1727C9004DE98B /* CalendarUITests.swift */ = {isa = PBXFileReference; lastKnownFileType = sourcecode.swift; path = CalendarUITests.swift; sourceTree = "<group>"; };
		7DBB2E6B2A1727C9004DE98B /* Info.plist */ = {isa = PBXFileReference; lastKnownFileType = text.plist.xml; path = Info.plist; sourceTree = "<group>"; };
/* End PBXFileReference section */

/* Begin PBXFrameworksBuildPhase section */
		7DBB2E412A1727C7004DE98B /* Frameworks */ = {
			isa = PBXFrameworksBuildPhase;
			buildActionMask = 2147483647;
			files = (
			);
			runOnlyForDeploymentPostprocessing = 0;
		};
		7DBB2E572A1727C9004DE98B /* Frameworks */ = {
			isa = PBXFrameworksBuildPhase;
			buildActionMask = 2147483647;
			files = (
			);
			runOnlyForDeploymentPostprocessing = 0;
		};
		7DBB2E622A1727C9004DE98B /* Frameworks */ = {
			isa = PBXFrameworksBuildPhase;
			buildActionMask = 2147483647;
			files = (
			);
			runOnlyForDeploymentPostprocessing = 0;
		};
/* End PBXFrameworksBuildPhase section */

/* Begin PBXGroup section */
		7DBB2E3B2A1727C7004DE98B = {
			isa = PBXGroup;
			children = (
				7DBB2E462A1727C8004DE98B /* Calendar */,
				7DBB2E5D2A1727C9004DE98B /* CalendarTests */,
				7DBB2E682A1727C9004DE98B /* CalendarUITests */,
				7DBB2E452A1727C8004DE98B /* Products */,
			);
			sourceTree = "<group>";
		};
		7DBB2E452A1727C8004DE98B /* Products */ = {
			isa = PBXGroup;
			children = (
				7DBB2E442A1727C8004DE98B /* Calendar.app */,
				7DBB2E5A2A1727C9004DE98B /* CalendarTests.xctest */,
				7DBB2E652A1727C9004DE98B /* CalendarUITests.xctest */,
			);
			name = Products;
			sourceTree = "<group>";
		};
		7DBB2E462A1727C8004DE98B /* Calendar */ = {
			isa = PBXGroup;
			children = (
				7DBB2E472A1727C8004DE98B /* AppDelegate.swift */,
				7DBB2E492A1727C8004DE98B /* SceneDelegate.swift */,
				7DBB2E4B2A1727C8004DE98B /* ViewController.swift */,
				7DBB2E4D2A1727C8004DE98B /* Main.storyboard */,
				7DBB2E502A1727C9004DE98B /* Assets.xcassets */,
				7DBB2E522A1727C9004DE98B /* LaunchScreen.storyboard */,
				7DBB2E552A1727C9004DE98B /* Info.plist */,
			);
			path = Calendar;
			sourceTree = "<group>";
		};
		7DBB2E5D2A1727C9004DE98B /* CalendarTests */ = {
			isa = PBXGroup;
			children = (
				7DBB2E5E2A1727C9004DE98B /* CalendarTests.swift */,
				7DBB2E602A1727C9004DE98B /* Info.plist */,
			);
			path = CalendarTests;
			sourceTree = "<group>";
		};
		7DBB2E682A1727C9004DE98B /* CalendarUITests */ = {
			isa = PBXGroup;
			children = (
				7DBB2E692A1727C9004DE98B /* CalendarUITests.swift */,
				7DBB2E6B2A1727C9004DE98B /* Info.plist */,
			);
			path = CalendarUITests;
			sourceTree = "<group>";
		};
/* End PBXGroup section */

/* Begin PBXNativeTarget section */
		7DBB2E432A1727C7004DE98B /* Calendar */ = {
			isa = PBXNativeTarget;
			buildConfigurationList = 7DBB2E6E2A1727C9004DE98B /* Build configuration list for PBXNativeTarget "Calendar" */;
			buildPhases = (
				7DBB2E402A1727C7004DE98B /* Sources */,
				7DBB2E412A1727C7004DE98B /* Frameworks */,
				7DBB2E422A1727C7004DE98B /* Resources */,
			);
			buildRules = (
			);
			dependencies = (
			);
			name = Calendar;
			productName = Calendar;
			productReference = 7DBB2E442A1727C8004DE98B /* Calendar.app */;
			productType = "com.apple.product-type.application";
		};
		7DBB2E592A1727C9004DE98B /* CalendarTests */ = {
			isa = PBXNativeTarget;
			buildConfigurationList = 7DBB2E712A1727C9004DE98B /* Build configuration list for PBXNativeTarget "CalendarTests" */;
			buildPhases = (
				7DBB2E562A1727C9004DE98B /* Sources */,
				7DBB2E572A1727C9004DE98B /* Frameworks */,
				7DBB2E582A1727C9004DE98B /* Resources */,
			);
			buildRules = (
			);
			dependencies = (
				7DBB2E5C2A1727C9004DE98B /* PBXTargetDependency */,
			);
			name = CalendarTests;
			productName = CalendarTests;
			productReference = 7DBB2E5A2A1727C9004DE98B /* CalendarTests.xctest */;
			productType = "com.apple.product-type.bundle.unit-test";
		};
		7DBB2E642A1727C9004DE98B /* CalendarUITests */ = {
			isa = PBXNativeTarget;
			buildConfigurationList = 7DBB2E742A1727C9004DE98B /* Build configuration list for PBXNativeTarget "CalendarUITests" */;
			buildPhases = (
				7DBB2E612A1727C9004DE98B /* Sources */,
				7DBB2E622A1727C9004DE98B /* Frameworks */,
				7DBB2E632A1727C9004DE98B /* Resources */,
			);
			buildRules = (
			);
			dependencies = (
				7DBB2E672A1727C9004DE98B /* PBXTargetDependency */,
			);
			name = CalendarUITests;
			productName = CalendarUITests;
			productReference = 7DBB2E652A1727C9004DE98B /* CalendarUITests.xctest */;
			productType = "com.apple.product-type.bundle.ui-testing";
		};
/* End PBXNativeTarget section */

/* Begin PBXProject section */
		7DBB2E3C2A1727C7004DE98B /* Project object */ = {
			isa = PBXProject;
			attributes = {
				LastSwiftUpdateCheck = 1130;
				LastUpgradeCheck = 1130;
				ORGANIZATIONNAME = "Ulises Duran";
				TargetAttributes = {
					7DBB2E432A1727C7004DE98B = {
						CreatedOnToolsVersion = 11.3;
					};
					7DBB2E592A1727C9004DE98B = {
						CreatedOnToolsVersion = 11.3;
						TestTargetID = 7DBB2E432A1727C7004DE98B;
					};
					7DBB2E642A1727C9004DE98B = {
						CreatedOnToolsVersion = 11.3;
						TestTargetID = 7DBB2E432A1727C7004DE98B;
					};
				};
			};
			buildConfigurationList = 7DBB2E3F2A1727C7004DE98B /* Build configuration list for PBXProject "Calendar" */;
			compatibilityVersion = "Xcode 9.3";
			developmentRegion = en;
			hasScannedForEncodings = 0;
			knownRegions = (
				en,
				Base,
			);
			mainGroup = 7DBB2E3B2A1727C7004DE98B;
			productRefGroup = 7DBB2E452A1727C8004DE98B /* Products */;
			projectDirPath = "";
			projectRoot = "";
			targets = (
				7DBB2E432A1727C7004DE98B /* Calendar */,
				7DBB2E592A1727C9004DE98B /* CalendarTests */,
				7DBB2E642A1727C9004DE98B /* CalendarUITests */,
			);
		};
/* End PBXProject section */

/* Begin PBXResourcesBuildPhase section */
		7DBB2E422A1727C7004DE98B /* Resources */ = {
			isa = PBXResourcesBuildPhase;
			buildActionMask = 2147483647;
			files = (
				7DBB2E542A1727C9004DE98B /* LaunchScreen.storyboard in Resources */,
				7DBB2E512A1727C9004DE98B /* Assets.xcassets in Resources */,
				7DBB2E4F2A1727C8004DE98B /* Main.storyboard in Resources */,
			);
			runOnlyForDeploymentPostprocessing = 0;
		};
		7DBB2E582A1727C9004DE98B /* Resources */ = {
			isa = PBXResourcesBuildPhase;
			buildActionMask = 2147483647;
			files = (
			);
			runOnlyForDeploymentPostprocessing = 0;
		};
		7DBB2E632A1727C9004DE98B /* Resources */ = {
			isa = PBXResourcesBuildPhase;
			buildActionMask = 2147483647;
			files = (
			);
			runOnlyForDeploymentPostprocessing = 0;
		};
/* End PBXResourcesBuildPhase section */

/* Begin PBXSourcesBuildPhase section */
		7DBB2E402A1727C7004DE98B /* Sources */ = {
			isa = PBXSourcesBuildPhase;
			buildActionMask = 2147483647;
			files = (
				7DBB2E4C2A1727C8004DE98B /* ViewController.swift in Sources */,
				7DBB2E482A1727C8004DE98B /* AppDelegate.swift in Sources */,
				7DBB2E4A2A1727C8004DE98B /* SceneDelegate.swift in Sources */,
			);
			runOnlyForDeploymentPostprocessing = 0;
		};
		7DBB2E562A1727C9004DE98B /* Sources */ = {
			isa = PBXSourcesBuildPhase;
			buildActionMask = 2147483647;
			files = (
				7DBB2E5F2A1727C9004DE98B /* CalendarTests.swift in Sources */,
			);
			runOnlyForDeploymentPostprocessing = 0;
		};
		7DBB2E612A1727C9004DE98B /* Sources */ = {
			isa = PBXSourcesBuildPhase;
			buildActionMask = 2147483647;
			files = (
				7DBB2E6A2A1727C9004DE98B /* CalendarUITests.swift in Sources */,
			);
			runOnlyForDeploymentPostprocessing = 0;
		};
/* End PBXSourcesBuildPhase section */

/* Begin PBXTargetDependency section */
		7DBB2E5C2A1727C9004DE98B /* PBXTargetDependency */ = {
			isa = PBXTargetDependency;
			target = 7DBB2E432A1727C7004DE98B /* Calendar */;
			targetProxy = 7DBB2E5B2A1727C9004DE98B /* PBXContainerItemProxy */;
		};
		7DBB2E672A1727C9004DE98B /* PBXTargetDependency */ = {
			isa = PBXTargetDependency;
			target = 7DBB2E432A1727C7004DE98B /* Calendar */;
			targetProxy = 7DBB2E662A1727C9004DE98B /* PBXContainerItemProxy */;
		};
/* End PBXTargetDependency section */

/* Begin PBXVariantGroup section */
		7DBB2E4D2A1727C8004DE98B /* Main.storyboard */ = {
			isa = PBXVariantGroup;
			children = (
				7DBB2E4E2A1727C8004DE98B /* Base */,
			);
			name = Main.storyboard;
			sourceTree = "<group>";
		};
		7DBB2E522A1727C9004DE98B /* LaunchScreen.storyboard */ = {
			isa = PBXVariantGroup;
			children = (
				7DBB2E532A1727C9004DE98B /* Base */,
			);
			name = LaunchScreen.storyboard;
			sourceTree = "<group>";
		};
/* End PBXVariantGroup section */

/* Begin XCBuildConfiguration section */
		7DBB2E6C2A1727C9004DE98B /* Debug */ = {
			isa = XCBuildConfiguration;
			buildSettings = {
				ALWAYS_SEARCH_USER_PATHS = NO;
				CLANG_ANALYZER_NONNULL = YES;
				CLANG_ANALYZER_NUMBER_OBJECT_CONVERSION = YES_AGGRESSIVE;
				CLANG_CXX_LANGUAGE_STANDARD = "gnu++14";
				CLANG_CXX_LIBRARY = "libc++";
				CLANG_ENABLE_MODULES = YES;
				CLANG_ENABLE_OBJC_ARC = YES;
				CLANG_ENABLE_OBJC_WEAK = YES;
				CLANG_WARN_BLOCK_CAPTURE_AUTORELEASING = YES;
				CLANG_WARN_BOOL_CONVERSION = YES;
				CLANG_WARN_COMMA = YES;
				CLANG_WARN_CONSTANT_CONVERSION = YES;
				CLANG_WARN_DEPRECATED_OBJC_IMPLEMENTATIONS = YES;
				CLANG_WARN_DIRECT_OBJC_ISA_USAGE = YES_ERROR;
				CLANG_WARN_DOCUMENTATION_COMMENTS = YES;
				CLANG_WARN_EMPTY_BODY = YES;
				CLANG_WARN_ENUM_CONVERSION = YES;
				CLANG_WARN_INFINITE_RECURSION = YES;
				CLANG_WARN_INT_CONVERSION = YES;
				CLANG_WARN_NON_LITERAL_NULL_CONVERSION = YES;
				CLANG_WARN_OBJC_IMPLICIT_RETAIN_SELF = YES;
				CLANG_WARN_OBJC_LITERAL_CONVERSION = YES;
				CLANG_WARN_OBJC_ROOT_CLASS = YES_ERROR;
				CLANG_WARN_RANGE_LOOP_ANALYSIS = YES;
				CLANG_WARN_STRICT_PROTOTYPES = YES;
				CLANG_WARN_SUSPICIOUS_MOVE = YES;
				CLANG_WARN_UNGUARDED_AVAILABILITY = YES_AGGRESSIVE;
				CLANG_WARN_UNREACHABLE_CODE = YES;
				CLANG_WARN__DUPLICATE_METHOD_MATCH = YES;
				COPY_PHASE_STRIP = NO;
				DEBUG_INFORMATION_FORMAT = dwarf;
				ENABLE_STRICT_OBJC_MSGSEND = YES;
				ENABLE_TESTABILITY = YES;
				GCC_C_LANGUAGE_STANDARD = gnu11;
				GCC_DYNAMIC_NO_PIC = NO;
				GCC_NO_COMMON_BLOCKS = YES;
				GCC_OPTIMIZATION_LEVEL = 0;
				GCC_PREPROCESSOR_DEFINITIONS = (
					"DEBUG=1",
					"$(inherited)",
				);
				GCC_WARN_64_TO_32_BIT_CONVERSION = YES;
				GCC_WARN_ABOUT_RETURN_TYPE = YES_ERROR;
				GCC_WARN_UNDECLARED_SELECTOR = YES;
				GCC_WARN_UNINITIALIZED_AUTOS = YES_AGGRESSIVE;
				GCC_WARN_UNUSED_FUNCTION = YES;
				GCC_WARN_UNUSED_VARIABLE = YES;
				IPHONEOS_DEPLOYMENT_TARGET = 13.2;
				MTL_ENABLE_DEBUG_INFO = INCLUDE_SOURCE;
				MTL_FAST_MATH = YES;
				ONLY_ACTIVE_ARCH = YES;
				SDKROOT = iphoneos;
				SWIFT_ACTIVE_COMPILATION_CONDITIONS = DEBUG;
				SWIFT_OPTIMIZATION_LEVEL = "-Onone";
			};
			name = Debug;
		};
		7DBB2E6D2A1727C9004DE98B /* Release */ = {
			isa = XCBuildConfiguration;
			buildSettings = {
				ALWAYS_SEARCH_USER_PATHS = NO;
				CLANG_ANALYZER_NONNULL = YES;
				CLANG_ANALYZER_NUMBER_OBJECT_CONVERSION = YES_AGGRESSIVE;
				CLANG_CXX_LANGUAGE_STANDARD = "gnu++14";
				CLANG_CXX_LIBRARY = "libc++";
				CLANG_ENABLE_MODULES = YES;
				CLANG_ENABLE_OBJC_ARC = YES;
				CLANG_ENABLE_OBJC_WEAK = YES;
				CLANG_WARN_BLOCK_CAPTURE_AUTORELEASING = YES;
				CLANG_WARN_BOOL_CONVERSION = YES;
				CLANG_WARN_COMMA = YES;
				CLANG_WARN_CONSTANT_CONVERSION = YES;
				CLANG_WARN_DEPRECATED_OBJC_IMPLEMENTATIONS = YES;
				CLANG_WARN_DIRECT_OBJC_ISA_USAGE = YES_ERROR;
				CLANG_WARN_DOCUMENTATION_COMMENTS = YES;
				CLANG_WARN_EMPTY_BODY = YES;
				CLANG_WARN_ENUM_CONVERSION = YES;
				CLANG_WARN_INFINITE_RECURSION = YES;
				CLANG_WARN_INT_CONVERSION = YES;
				CLANG_WARN_NON_LITERAL_NULL_CONVERSION = YES;
				CLANG_WARN_OBJC_IMPLICIT_RETAIN_SELF = YES;
				CLANG_WARN_OBJC_LITERAL_CONVERSION = YES;
				CLANG_WARN_OBJC_ROOT_CLASS = YES_ERROR;
				CLANG_WARN_RANGE_LOOP_ANALYSIS = YES;
				CLANG_WARN_STRICT_PROTOTYPES = YES;
				CLANG_WARN_SUSPICIOUS_MOVE = YES;
				CLANG_WARN_UNGUARDED_AVAILABILITY = YES_AGGRESSIVE;
				CLANG_WARN_UNREACHABLE_CODE = YES;
				CLANG_WARN__DUPLICATE_METHOD_MATCH = YES;
				COPY_PHASE_STRIP = NO;
				DEBUG_INFORMATION_FORMAT = "dwarf-with-dsym";
				ENABLE_NS_ASSERTIONS = NO;
				ENABLE_STRICT_OBJC_MSGSEND = YES;
				GCC_C_LANGUAGE_STANDARD = gnu11;
				GCC_NO_COMMON_BLOCKS = YES;
				GCC_WARN_64_TO_32_BIT_CONVERSION = YES;
				GCC_WARN_ABOUT_RETURN_TYPE = YES_ERROR;
				GCC_WARN_UNDECLARED_SELECTOR = YES;
				GCC_WARN_UNINITIALIZED_AUTOS = YES_AGGRESSIVE;
				GCC_WARN_UNUSED_FUNCTION = YES;
				GCC_WARN_UNUSED_VARIABLE = YES;
				IPHONEOS_DEPLOYMENT_TARGET = 13.2;
				MTL_ENABLE_DEBUG_INFO = NO;
				MTL_FAST_MATH = YES;
				SDKROOT = iphoneos;
				SWIFT_COMPILATION_MODE = wholemodule;
				SWIFT_OPTIMIZATION_LEVEL = "-O";
				VALIDATE_PRODUCT = YES;
			};
			name = Release;
		};
		7DBB2E6F2A1727C9004DE98B /* Debug */ = {
			isa = XCBuildConfiguration;
			buildSettings = {
				ASSETCATALOG_COMPILER_APPICON_NAME = AppIcon;
				CODE_SIGN_STYLE = Automatic;
				INFOPLIST_FILE = Calendar/Info.plist;
				LD_RUNPATH_SEARCH_PATHS = (
					"$(inherited)",
					"@executable_path/Frameworks",
				);
				PRODUCT_BUNDLE_IDENTIFIER = Personal.Calendar;
				PRODUCT_NAME = "$(TARGET_NAME)";
				SWIFT_VERSION = 5.0;
				TARGETED_DEVICE_FAMILY = "1,2";
			};
			name = Debug;
		};
		7DBB2E702A1727C9004DE98B /* Release */ = {
			isa = XCBuildConfiguration;
			buildSettings = {
				ASSETCATALOG_COMPILER_APPICON_NAME = AppIcon;
				CODE_SIGN_STYLE = Automatic;
				INFOPLIST_FILE = Calendar/Info.plist;
				LD_RUNPATH_SEARCH_PATHS = (
					"$(inherited)",
					"@executable_path/Frameworks",
				);
				PRODUCT_BUNDLE_IDENTIFIER = Personal.Calendar;
				PRODUCT_NAME = "$(TARGET_NAME)";
				SWIFT_VERSION = 5.0;
				TARGETED_DEVICE_FAMILY = "1,2";
			};
			name = Release;
		};
		7DBB2E722A1727C9004DE98B /* Debug */ = {
			isa = XCBuildConfiguration;
			buildSettings = {
				ALWAYS_EMBED_SWIFT_STANDARD_LIBRARIES = YES;
				BUNDLE_LOADER = "$(TEST_HOST)";
				CODE_SIGN_STYLE = Automatic;
				INFOPLIST_FILE = CalendarTests/Info.plist;
				IPHONEOS_DEPLOYMENT_TARGET = 13.2;
				LD_RUNPATH_SEARCH_PATHS = (
					"$(inherited)",
					"@executable_path/Frameworks",
					"@loader_path/Frameworks",
				);
				PRODUCT_BUNDLE_IDENTIFIER = Personal.CalendarTests;
				PRODUCT_NAME = "$(TARGET_NAME)";
				SWIFT_VERSION = 5.0;
				TARGETED_DEVICE_FAMILY = "1,2";
				TEST_HOST = "$(BUILT_PRODUCTS_DIR)/Calendar.app/Calendar";
			};
			name = Debug;
		};
		7DBB2E732A1727C9004DE98B /* Release */ = {
			isa = XCBuildConfiguration;
			buildSettings = {
				ALWAYS_EMBED_SWIFT_STANDARD_LIBRARIES = YES;
				BUNDLE_LOADER = "$(TEST_HOST)";
				CODE_SIGN_STYLE = Automatic;
				INFOPLIST_FILE = CalendarTests/Info.plist;
				IPHONEOS_DEPLOYMENT_TARGET = 13.2;
				LD_RUNPATH_SEARCH_PATHS = (
					"$(inherited)",
					"@executable_path/Frameworks",
					"@loader_path/Frameworks",
				);
				PRODUCT_BUNDLE_IDENTIFIER = Personal.CalendarTests;
				PRODUCT_NAME = "$(TARGET_NAME)";
				SWIFT_VERSION = 5.0;
				TARGETED_DEVICE_FAMILY = "1,2";
				TEST_HOST = "$(BUILT_PRODUCTS_DIR)/Calendar.app/Calendar";
			};
			name = Release;
		};
		7DBB2E752A1727C9004DE98B /* Debug */ = {
			isa = XCBuildConfiguration;
			buildSettings = {
				ALWAYS_EMBED_SWIFT_STANDARD_LIBRARIES = YES;
				CODE_SIGN_STYLE = Automatic;
				INFOPLIST_FILE = CalendarUITests/Info.plist;
				LD_RUNPATH_SEARCH_PATHS = (
					"$(inherited)",
					"@executable_path/Frameworks",
					"@loader_path/Frameworks",
				);
				PRODUCT_BUNDLE_IDENTIFIER = Personal.CalendarUITests;
				PRODUCT_NAME = "$(TARGET_NAME)";
				SWIFT_VERSION = 5.0;
				TARGETED_DEVICE_FAMILY = "1,2";
				TEST_TARGET_NAME = Calendar;
			};
			name = Debug;
		};
		7DBB2E762A1727C9004DE98B /* Release */ = {
			isa = XCBuildConfiguration;
			buildSettings = {
				ALWAYS_EMBED_SWIFT_STANDARD_LIBRARIES = YES;
				CODE_SIGN_STYLE = Automatic;
				INFOPLIST_FILE = CalendarUITests/Info.plist;
				LD_RUNPATH_SEARCH_PATHS = (
					"$(inherited)",
					"@executable_path/Frameworks",
					"@loader_path/Frameworks",
				);
				PRODUCT_BUNDLE_IDENTIFIER = Personal.CalendarUITests;
				PRODUCT_NAME = "$(TARGET_NAME)";
				SWIFT_VERSION = 5.0;
				TARGETED_DEVICE_FAMILY = "1,2";
				TEST_TARGET_NAME = Calendar;
			};
			name = Release;
		};
/* End XCBuildConfiguration section */

/* Begin XCConfigurationList section */
		7DBB2E3F2A1727C7004DE98B /* Build configuration list for PBXProject "Calendar" */ = {
			isa = XCConfigurationList;
			buildConfigurations = (
				7DBB2E6C2A1727C9004DE98B /* Debug */,
				7DBB2E6D2A1727C9004DE98B /* Release */,
			);
			defaultConfigurationIsVisible = 0;
			defaultConfigurationName = Release;
		};
		7DBB2E6E2A1727C9004DE98B /* Build configuration list for PBXNativeTarget "Calendar" */ = {
			isa = XCConfigurationList;
			buildConfigurations = (
				7DBB2E6F2A1727C9004DE98B /* Debug */,
				7DBB2E702A1727C9004DE98B /* Release */,
			);
			defaultConfigurationIsVisible = 0;
			defaultConfigurationName = Release;
		};
		7DBB2E712A1727C9004DE98B /* Build configuration list for PBXNativeTarget "CalendarTests" */ = {
			isa = XCConfigurationList;
			buildConfigurations = (
				7DBB2E722A1727C9004DE98B /* Debug */,
				7DBB2E732A1727C9004DE98B /* Release */,
			);
			defaultConfigurationIsVisible = 0;
			defaultConfigurationName = Release;
		};
		7DBB2E742A1727C9004DE98B /* Build configuration list for PBXNativeTarget "CalendarUITests" */ = {
			isa = XCConfigurationList;
			buildConfigurations = (
				7DBB2E752A1727C9004DE98B /* Debug */,
				7DBB2E762A1727C9004DE98B /* Release */,
			);
			defaultConfigurationIsVisible = 0;
			defaultConfigurationName = Release;
		};
/* End XCConfigurationList section */
	};
	rootObject = 7DBB2E3C2A1727C7004DE98B /* Project object */;
}
